{
    "_meta": {
        "hash": {
            "sha256": "f4431800fae4d36a483abe564aff5b91be3d8345439196ad79702e7c796ae4e7"
        },
        "pipfile-spec": 6,
        "requires": {
            "python_full_version": "3.8.13"
        },
        "sources": [
            {
                "name": "pypi",
                "url": "https://pypi.org/simple",
                "verify_ssl": true
            }
        ]
    },
    "default": {},
    "develop": {}
}
