{
    "_meta": {
        "hash": {
            "sha256": "453683f4f55c6c7f941fffff91c0a91abdb1dfcf629e167933222e2f0e82d4a4"
        },
        "pipfile-spec": 6,
        "requires": {
            "python_full_version": "3.8.13"
        },
        "sources": [
            {
                "name": "pypi",
                "url": "https://pypi.org/simple",
                "verify_ssl": true
            }
        ]
    },
    "default": {},
    "develop": {}
}
